<?xml version="1.0" encoding="utf-8"?>
<Project ToolsVersion="4.0" xmlns="http://schemas.microsoft.com/developer/msbuild/2003">
  <ItemGroup>
    <Filter Include="Packet">
      <UniqueIdentifier>{3fdf6691-0680-406d-b786-20fe313a2415}</UniqueIdentifier>
    </Filter>
    <Filter Include="Socket">
      <UniqueIdentifier>{6540618d-bfbc-46a2-806f-20d32160dec1}</UniqueIdentifier>
    </Filter>
    <Filter Include="Socket\Client">
      <UniqueIdentifier>{ff11be64-a1ef-4f10-8900-f69fda1d9cc6}</UniqueIdentifier>
    </Filter>
    <Filter Include="Socket\Server">
      <UniqueIdentifier>{a4dd91cc-6747-4b1d-880c-df1b950b8c01}</UniqueIdentifier>
    </Filter>
    <Filter Include="Math">
      <UniqueIdentifier>{c14b07a5-5128-48ec-9bce-64b87b6ad154}</UniqueIdentifier>
    </Filter>
    <Filter Include="Packet\Handler">
      <UniqueIdentifier>{54cccc49-b465-4301-8338-69b6ab188475}</UniqueIdentifier>
    </Filter>
  </ItemGroup>
  <ItemGroup>
    <ClCompile Include="main.cpp" />
    <ClCompile Include="SocketServer.cpp">
      <Filter>Socket\Server</Filter>
    </ClCompile>
    <ClCompile Include="Network.cpp">
      <Filter>Socket</Filter>
    </ClCompile>
    <ClCompile Include="SocketClient.cpp">
      <Filter>Socket\Client</Filter>
    </ClCompile>
    <ClCompile Include="GameMath.cpp">
      <Filter>Math</Filter>
    </ClCompile>
    <ClCompile Include="Dispatcher.cpp">
      <Filter>Packet\Handler</Filter>
    </ClCompile>
    <ClCompile Include="Packet.cpp">
      <Filter>Packet\Handler</Filter>
    </ClCompile>
    <ClCompile Include="Serializer.cpp">
      <Filter>Packet\Handler</Filter>
    </ClCompile>
  </ItemGroup>
  <ItemGroup>
    <ClInclude Include="SocketServer.h">
      <Filter>Socket\Server</Filter>
    </ClInclude>
    <ClInclude Include="Network.h">
      <Filter>Socket</Filter>
    </ClInclude>
    <ClInclude Include="SocketClient.h">
      <Filter>Socket\Client</Filter>
    </ClInclude>
    <ClInclude Include="mainHeader.h" />
    <ClInclude Include="GameMath.h">
      <Filter>Math</Filter>
    </ClInclude>
    <ClInclude Include="Dispatcher.h">
      <Filter>Packet\Handler</Filter>
    </ClInclude>
    <ClInclude Include="Packet.h">
      <Filter>Packet\Handler</Filter>
    </ClInclude>
    <ClInclude Include="Serializer.h">
      <Filter>Packet\Handler</Filter>
    </ClInclude>
    <ClInclude Include="Packet_Chat.h">
      <Filter>Packet</Filter>
    </ClInclude>
  </ItemGroup>
</Project>